 terraform plan
data.aws_vpc.selected: Reading...
data.aws_ami.amazon-linux-2: Reading...
data.aws_ami.amazon-linux-2: Read complete after 1s [id=ami-02b972fec07f1e659]
data.aws_vpc.selected: Read complete after 2s [id=vpc-0fe89d9e23091a69e]
data.aws_subnets.example: Reading...
data.aws_subnets.example: Read complete after 0s [id=us-east-1]

Terraform used the selected providers to generate the following execution plan. Resource actions are indicated with the following symbols:
  + create

Terraform will perform the following actions:

  # aws_alb.app-lb will be created
  + resource "aws_alb" "app-lb" {
      + arn                        = (known after apply)
      + arn_suffix                 = (known after apply)
      + desync_mitigation_mode     = "defensive"        
      + dns_name                   = (known after apply)
      + drop_invalid_header_fields = false
      + enable_deletion_protection = false
      + enable_http2               = true
      + enable_waf_fail_open       = false
      + id                         = (known after apply)
      + idle_timeout               = 60
      + internal                   = false
      + ip_address_type            = "ipv4"
      + load_balancer_type         = "application"      
      + name                       = "phonebook-lb-tf"  
      + preserve_host_header       = false
      + security_groups            = (known after apply)
      + subnets                    = [
          + "subnet-0272a9cbebc8abe8a",
          + "subnet-0378f840c2aae49d3",
          + "subnet-04df398973f7e7a85",
          + "subnet-0657595d3ea39b128",
          + "subnet-0778adb7c49a08522",
          + "subnet-08233a389f7263c75",
        ]
      + tags_all                   = (known after apply)
      + vpc_id                     = (known after apply)
      + zone_id                    = (known after apply)

      + subnet_mapping {
          + allocation_id        = (known after apply)
          + ipv6_address         = (known after apply)
          + outpost_id           = (known after apply)
          + private_ipv4_address = (known after apply)
          + subnet_id            = (known after apply)
        }
    }

  # aws_alb_listener.app-listener will be created
  + resource "aws_alb_listener" "app-listener" {
      + arn               = (known after apply)
      + id                = (known after apply)
      + load_balancer_arn = (known after apply)
      + port              = 80
      + protocol          = "HTTP"
      + ssl_policy        = (known after apply)
      + tags_all          = (known after apply)

      + default_action {
          + order            = (known after apply)
          + target_group_arn = (known after apply)
          + type             = "forward"
        }
    }

  # aws_alb_target_group.app-lb-tg will be created
  + resource "aws_alb_target_group" "app-lb-tg" {
      + arn                                = (known after apply)
      + arn_suffix                         = (known after apply)
      + connection_termination             = false
      + deregistration_delay               = "300"
      + id                                 = (known after apply)
      + ip_address_type                    = (known after apply)
      + lambda_multi_value_headers_enabled = false
      + load_balancing_algorithm_type      = (known after apply)
      + name                               = "phonebook-lb-tg"
      + port                               = 80
      + preserve_client_ip                 = (known after apply)
      + protocol                           = "HTTP"
      + protocol_version                   = (known after apply)
      + proxy_protocol_v2                  = false
      + slow_start                         = 0
      + tags_all                           = (known after apply)
      + target_type                        = "instance"
      + vpc_id                             = "vpc-0fe89d9e23091a69e"

      + health_check {
          + enabled             = true
          + healthy_threshold   = 2
          + interval            = 30
          + matcher             = (known after apply)
          + path                = (known after apply)
          + port                = "traffic-port"
          + protocol            = "HTTP"
          + timeout             = (known after apply)
          + unhealthy_threshold = 3
        }

      + stickiness {
          + cookie_duration = (known after apply)
          + cookie_name     = (known after apply)
          + enabled         = (known after apply)
          + type            = (known after apply)
        }

      + target_failover {
          + on_deregistration = (known after apply)
          + on_unhealthy      = (known after apply)
        }
    }

  # aws_autoscaling_group.app-asg will be created
  + resource "aws_autoscaling_group" "app-asg" {
      + arn                       = (known after apply)
      + availability_zones        = (known after apply)
      + default_cooldown          = (known after apply)
      + desired_capacity          = 2
      + force_delete              = false
      + force_delete_warm_pool    = false
      + health_check_grace_period = 300
      + health_check_type         = "ELB"
      + id                        = (known after apply)
      + max_size                  = 3
      + metrics_granularity       = "1Minute"
      + min_size                  = 1
      + name                      = "phonebook-asg"
      + name_prefix               = (known after apply)
      + protect_from_scale_in     = false
      + service_linked_role_arn   = (known after apply)
      + target_group_arns         = (known after apply)
      + vpc_zone_identifier       = [
          + "subnet-0272a9cbebc8abe8a",
          + "subnet-0378f840c2aae49d3",
          + "subnet-04df398973f7e7a85",
          + "subnet-0657595d3ea39b128",
          + "subnet-0778adb7c49a08522",
          + "subnet-08233a389f7263c75",
        ]
      + wait_for_capacity_timeout = "10m"

      + launch_template {
          + id      = (known after apply)
          + name    = (known after apply)
          + version = (known after apply)
        }
    }

  # aws_db_instance.db-server will be created
  + resource "aws_db_instance" "db-server" {
      + address                               = (known after apply)
      + allocated_storage                     = 20
      + apply_immediately                     = (known after apply)
      + arn                                   = (known after apply)
      + auto_minor_version_upgrade            = true
      + availability_zone                     = (known after apply)
      + backup_retention_period               = (known after apply)
      + backup_window                         = (known after apply)
      + ca_cert_identifier                    = (known after apply)
      + character_set_name                    = (known after apply)
      + copy_tags_to_snapshot                 = false
      + db_name                               = "phonebook"
      + db_subnet_group_name                  = (known after apply)
      + delete_automated_backups              = true
      + endpoint                              = (known after apply)
      + engine                                = "mysql"
      + engine_version                        = "8.0.23"
      + engine_version_actual                 = (known after apply)
      + hosted_zone_id                        = (known after apply)
      + id                                    = (known after apply)
      + identifier                            = "phonebook-app-db"
      + identifier_prefix                     = (known after apply)
      + instance_class                        = "db.t2.micro"
      + kms_key_id                            = (known after apply)
      + latest_restorable_time                = (known after apply)
      + license_model                         = (known after apply)
      + maintenance_window                    = (known after apply)
      + monitoring_interval                   = 0
      + monitoring_role_arn                   = (known after apply)
      + multi_az                              = false
      + name                                  = (known after apply)
      + nchar_character_set_name              = (known after apply)
      + network_type                          = (known after apply)
      + option_group_name                     = (known after apply)
      + parameter_group_name                  = (known after apply)
      + password                              = (sensitive value)
      + performance_insights_enabled          = false
      + performance_insights_kms_key_id       = (known after apply)
      + performance_insights_retention_period = (known after apply)
      + port                                  = 3306
      + publicly_accessible                   = false
      + replica_mode                          = (known after apply)
      + replicas                              = (known after apply)
      + resource_id                           = (known after apply)
      + skip_final_snapshot                   = true
      + snapshot_identifier                   = (known after apply)
      + status                                = (known after apply)
      + storage_type                          = (known after apply)
      + tags_all                              = (known after apply)
      + timezone                              = (known after apply)
      + username                              = "admin"
      + vpc_security_group_ids                = (known after apply)
    }

  # aws_launch_template.asg-lt will be created
  + resource "aws_launch_template" "asg-lt" {
      + arn                    = (known after apply)
      + default_version        = (known after apply)
      + id                     = (known after apply)
      + image_id               = "ami-02b972fec07f1e659"
      + instance_type          = "t2.micro"
      + key_name               = "kayretli"
      + latest_version         = (known after apply)
      + name                   = "phonebook-lt"
      + name_prefix            = (known after apply)
      + tags_all               = (known after apply)
      + user_data              = "IyEgL2Jpbi9iYXNoCnl1bSB1cGRhdGUgLXkKeXVtIGluc3RhbGwgcHl0aG9uIDMgLXkKcGlwMyBpbnN0YWxsIGZsYXNrCnBpcDMgaW5zdGFsbCBmbGFza19teXNxbAp5dW0gaW5zdGFsbCBnaXQgLXkKVE9LRU49ImdocF9FRlZmenBRdExoOXpvUTJEVTVjSGt2UEJEZVpjVFkwQmRYTzYiCmNkIC9ob21lL2VjMi11c2VyICYmIGdpdCBjbG9uZSBodHRwczovLyRUT0tFTkBnaXRodWIuY29tL2theXJldGxpZmF0aWgvcGhvbmVib29rLmdpdApweXRob24zIC9ob21lL2VjMi11c2VyL3Bob25lYm9vay9waG9uZWJvb2stYXBwLnB5"
      + vpc_security_group_ids = (known after apply)

      + metadata_options {
          + http_endpoint               = (known after apply)
          + http_protocol_ipv6          = (known after apply)
          + http_put_response_hop_limit = (known after apply)
          + http_tokens                 = (known after apply)
          + instance_metadata_tags      = (known after apply)
        }

      + tag_specifications {
          + resource_type = "instance"
          + tags          = {
              + "Name" = "Web Server of Phonebook App"
            }
        }
    }

  # aws_security_group.alb-sg will be created
  + resource "aws_security_group" "alb-sg" {
      + arn                    = (known after apply)
      + description            = "Managed by Terraform"
      + egress                 = [
          + {
              + cidr_blocks      = [
                  + "0.0.0.0/0",
                ]
              + description      = ""
              + from_port        = 0
              + ipv6_cidr_blocks = []
              + prefix_list_ids  = []
              + protocol         = "-1"
              + security_groups  = []
              + self             = false
              + to_port          = 0
            },
        ]
      + id                     = (known after apply)
      + ingress                = [
          + {
              + cidr_blocks      = [
                  + "0.0.0.0/0",
                ]
              + description      = ""
              + from_port        = 80
              + ipv6_cidr_blocks = []
              + prefix_list_ids  = []
              + protocol         = "tcp"
              + security_groups  = []
              + self             = false
              + to_port          = 80
            },
        ]
      + name                   = "ALBSEcurityGroup"
      + name_prefix            = (known after apply)
      + owner_id               = (known after apply)
      + revoke_rules_on_delete = false
      + tags                   = {
          + "Name" = "TF+ALBSecurityGroup"
        }
      + tags_all               = {
          + "Name" = "TF+ALBSecurityGroup"
        }
      + vpc_id                 = "vpc-0fe89d9e23091a69e"
    }

  # aws_security_group.db-sg will be created
  + resource "aws_security_group" "db-sg" {
      + arn                    = (known after apply)
      + description            = "Managed by Terraform"
      + egress                 = [
          + {
              + cidr_blocks      = [
                  + "0.0.0.0/0",
                ]
              + description      = ""
              + from_port        = 0
              + ipv6_cidr_blocks = []
              + prefix_list_ids  = []
              + protocol         = "-1"
              + security_groups  = []
              + self             = false
              + to_port          = 0
            },
        ]
      + id                     = (known after apply)
      + ingress                = [
          + {
              + cidr_blocks      = []
              + description      = ""
              + from_port        = 3306
              + ipv6_cidr_blocks = []
              + prefix_list_ids  = []
              + protocol         = "tcp"
              + security_groups  = (known after apply)
              + self             = false
              + to_port          = 3306
            },
        ]
      + name                   = "RDSSecurityGroup"
      + name_prefix            = (known after apply)
      + owner_id               = (known after apply)
      + revoke_rules_on_delete = false
      + tags                   = {
          + "Name" = "TF_RDSSecurityGroup"
        }
      + tags_all               = {
          + "Name" = "TF_RDSSecurityGroup"
        }
      + vpc_id                 = "vpc-0fe89d9e23091a69e"
    }

  # aws_security_group.server-sg will be created
  + resource "aws_security_group" "server-sg" {
      + arn                    = (known after apply)
      + description            = "Managed by Terraform"
      + egress                 = [
          + {
              + cidr_blocks      = [
                  + "0.0.0.0/0",
                ]
              + description      = ""
              + from_port        = 0
              + ipv6_cidr_blocks = []
              + prefix_list_ids  = []
              + protocol         = "-1"
              + security_groups  = []
              + self             = false
              + to_port          = 0
            },
        ]
      + id                     = (known after apply)
      + ingress                = [
          + {
              + cidr_blocks      = [
                  + "0.0.0.0/0",
                ]
              + description      = ""
              + from_port        = 22
              + ipv6_cidr_blocks = []
              + prefix_list_ids  = []
              + protocol         = "tcp"
              + security_groups  = []
              + self             = false
              + to_port          = 22
            },
          + {
              + cidr_blocks      = []
              + description      = ""
              + from_port        = 80
              + ipv6_cidr_blocks = []
              + prefix_list_ids  = []
              + protocol         = "tcp"
              + security_groups  = (known after apply)
              + self             = false
              + to_port          = 80
            },
        ]
      + name                   = "WebServerSecurityGroup"
      + name_prefix            = (known after apply)
      + owner_id               = (known after apply)
      + revoke_rules_on_delete = false
      + tags                   = {
          + "Name" = "TF_WebServerSecurityGroup"
        }
      + tags_all               = {
          + "Name" = "TF_WebServerSecurityGroup"
        }
      + vpc_id                 = "vpc-0fe89d9e23091a69e"
    }

  # github_repository_file.dbendpoint will be created
  + resource "github_repository_file" "dbendpoint" {
      + branch              = "main"
      + commit_message      = (known after apply)
      + commit_sha          = (known after apply)
      + content             = (known after apply)
      + file                = "dbserver.endpoint"
      + id                  = (known after apply)
      + overwrite_on_create = true
      + repository          = "phonebook"
      + sha                 = (known after apply)
    }

Plan: 10 to add, 0 to change, 0 to destroy.